// !$*UTF8*$!
{
	archiveVersion = 1;
	classes = {
	};
	objectVersion = 55;
	objects = {

/* Begin PBXBuildFile section */
		D9295A702850D06A00947D84 /* YeppiCryptoApp.swift in Sources */ = {isa = PBXBuildFile; fileRef = D9295A6F2850D06A00947D84 /* YeppiCryptoApp.swift */; };
		D9295A722850D06A00947D84 /* ContentView.swift in Sources */ = {isa = PBXBuildFile; fileRef = D9295A712850D06A00947D84 /* ContentView.swift */; };
		D9295A742850D06C00947D84 /* Assets.xcassets in Resources */ = {isa = PBXBuildFile; fileRef = D9295A732850D06C00947D84 /* Assets.xcassets */; };
		D9295A772850D06C00947D84 /* Preview Assets.xcassets in Resources */ = {isa = PBXBuildFile; fileRef = D9295A762850D06C00947D84 /* Preview Assets.xcassets */; };
		D9295A822850D2E700947D84 /* Color.swift in Sources */ = {isa = PBXBuildFile; fileRef = D9295A812850D2E700947D84 /* Color.swift */; };
		D9295A882851628700947D84 /* HomeView.swift in Sources */ = {isa = PBXBuildFile; fileRef = D9295A872851628700947D84 /* HomeView.swift */; };
		D9295A8C285163A300947D84 /* CircleButtonView.swift in Sources */ = {isa = PBXBuildFile; fileRef = D9295A8B285163A300947D84 /* CircleButtonView.swift */; };
		D9295A8E285167D700947D84 /* CircleButtonAnimationView.swift in Sources */ = {isa = PBXBuildFile; fileRef = D9295A8D285167D700947D84 /* CircleButtonAnimationView.swift */; };
		D9295A9128520CC900947D84 /* CoinModel.swift in Sources */ = {isa = PBXBuildFile; fileRef = D9295A9028520CC900947D84 /* CoinModel.swift */; };
		D9295A93285237D400947D84 /* CoinRowView.swift in Sources */ = {isa = PBXBuildFile; fileRef = D9295A92285237D400947D84 /* CoinRowView.swift */; };
		D9295A952852383400947D84 /* PreviewProvider.swift in Sources */ = {isa = PBXBuildFile; fileRef = D9295A942852383400947D84 /* PreviewProvider.swift */; };
		D9295A9728523BC900947D84 /* Double.swift in Sources */ = {isa = PBXBuildFile; fileRef = D9295A9628523BC900947D84 /* Double.swift */; };
		D93641D6285A9F3800A9E1C0 /* SearchBarView.swift in Sources */ = {isa = PBXBuildFile; fileRef = D93641D5285A9F3800A9E1C0 /* SearchBarView.swift */; };
		D93641D8285AB1FC00A9E1C0 /* UIApplication.swift in Sources */ = {isa = PBXBuildFile; fileRef = D93641D7285AB1FC00A9E1C0 /* UIApplication.swift */; };
		D93641DA285C689500A9E1C0 /* StatisticModel.swift in Sources */ = {isa = PBXBuildFile; fileRef = D93641D9285C689500A9E1C0 /* StatisticModel.swift */; };
		D93641DC285C69D300A9E1C0 /* StatisticView.swift in Sources */ = {isa = PBXBuildFile; fileRef = D93641DB285C69D300A9E1C0 /* StatisticView.swift */; };
		D93641DE285C6CFD00A9E1C0 /* HomeStatView.swift in Sources */ = {isa = PBXBuildFile; fileRef = D93641DD285C6CFD00A9E1C0 /* HomeStatView.swift */; };
		D93641E0285D552A00A9E1C0 /* MarketData.swift in Sources */ = {isa = PBXBuildFile; fileRef = D93641DF285D552A00A9E1C0 /* MarketData.swift */; };
		D93641E2285D58E100A9E1C0 /* MarketDataService.swift in Sources */ = {isa = PBXBuildFile; fileRef = D93641E1285D58E100A9E1C0 /* MarketDataService.swift */; };
		D93641E4285D686200A9E1C0 /* PortfolioView.swift in Sources */ = {isa = PBXBuildFile; fileRef = D93641E3285D686200A9E1C0 /* PortfolioView.swift */; };
		D93641E6285D6A5E00A9E1C0 /* XMarkButton.swift in Sources */ = {isa = PBXBuildFile; fileRef = D93641E5285D6A5E00A9E1C0 /* XMarkButton.swift */; };
		D93641E8285D6BE900A9E1C0 /* CoinLogoView.swift in Sources */ = {isa = PBXBuildFile; fileRef = D93641E7285D6BE900A9E1C0 /* CoinLogoView.swift */; };
		D93641EB285EAECE00A9E1C0 /* PortfolioContainer.xcdatamodeld in Sources */ = {isa = PBXBuildFile; fileRef = D93641E9285EAECE00A9E1C0 /* PortfolioContainer.xcdatamodeld */; };
		D93641ED285EAFAC00A9E1C0 /* PortfolioDataService.swift in Sources */ = {isa = PBXBuildFile; fileRef = D93641EC285EAFAC00A9E1C0 /* PortfolioDataService.swift */; };
		D93641EF285ECCAE00A9E1C0 /* HapticManager.swift in Sources */ = {isa = PBXBuildFile; fileRef = D93641EE285ECCAE00A9E1C0 /* HapticManager.swift */; };
		D93641F428604B7A00A9E1C0 /* DetailView.swift in Sources */ = {isa = PBXBuildFile; fileRef = D93641F328604B7A00A9E1C0 /* DetailView.swift */; };
		D93641F62861363700A9E1C0 /* CoinDetail.swift in Sources */ = {isa = PBXBuildFile; fileRef = D93641F52861363700A9E1C0 /* CoinDetail.swift */; };
		D93641F8286138DE00A9E1C0 /* CoinDetailDataService.swift in Sources */ = {isa = PBXBuildFile; fileRef = D93641F7286138DE00A9E1C0 /* CoinDetailDataService.swift */; };
		D93641FA28613A1300A9E1C0 /* DetailViewModel.swift in Sources */ = {isa = PBXBuildFile; fileRef = D93641F928613A1300A9E1C0 /* DetailViewModel.swift */; };
		D9AA3E6428577C9900B71E72 /* HomeViewModel.swift in Sources */ = {isa = PBXBuildFile; fileRef = D9AA3E6328577C9900B71E72 /* HomeViewModel.swift */; };
		D9AA3E672858D72000B71E72 /* CoinDataService.swift in Sources */ = {isa = PBXBuildFile; fileRef = D9AA3E662858D72000B71E72 /* CoinDataService.swift */; };
		D9AA3E6A2858E37000B71E72 /* NetworkManager.swift in Sources */ = {isa = PBXBuildFile; fileRef = D9AA3E692858E37000B71E72 /* NetworkManager.swift */; };
		D9AA3E6D2859FE7700B71E72 /* CoinImageView.swift in Sources */ = {isa = PBXBuildFile; fileRef = D9AA3E6C2859FE7700B71E72 /* CoinImageView.swift */; };
		D9AA3E6F2859FFB000B71E72 /* CoinImageService.swift in Sources */ = {isa = PBXBuildFile; fileRef = D9AA3E6E2859FFB000B71E72 /* CoinImageService.swift */; };
		D9AA3E71285A010000B71E72 /* CoinImageViewModel.swift in Sources */ = {isa = PBXBuildFile; fileRef = D9AA3E70285A010000B71E72 /* CoinImageViewModel.swift */; };
		D9AA3E73285A057D00B71E72 /* LocalFileManager.swift in Sources */ = {isa = PBXBuildFile; fileRef = D9AA3E72285A057D00B71E72 /* LocalFileManager.swift */; };
/* End PBXBuildFile section */

/* Begin PBXFileReference section */
		D9295A6C2850D06A00947D84 /* YeppiCrypto.app */ = {isa = PBXFileReference; explicitFileType = wrapper.application; includeInIndex = 0; path = YeppiCrypto.app; sourceTree = BUILT_PRODUCTS_DIR; };
		D9295A6F2850D06A00947D84 /* YeppiCryptoApp.swift */ = {isa = PBXFileReference; lastKnownFileType = sourcecode.swift; path = YeppiCryptoApp.swift; sourceTree = "<group>"; };
		D9295A712850D06A00947D84 /* ContentView.swift */ = {isa = PBXFileReference; lastKnownFileType = sourcecode.swift; path = ContentView.swift; sourceTree = "<group>"; };
		D9295A732850D06C00947D84 /* Assets.xcassets */ = {isa = PBXFileReference; lastKnownFileType = folder.assetcatalog; path = Assets.xcassets; sourceTree = "<group>"; };
		D9295A762850D06C00947D84 /* Preview Assets.xcassets */ = {isa = PBXFileReference; lastKnownFileType = folder.assetcatalog; path = "Preview Assets.xcassets"; sourceTree = "<group>"; };
		D9295A7D2850D0A700947D84 /* Info.plist */ = {isa = PBXFileReference; lastKnownFileType = text.plist; path = Info.plist; sourceTree = "<group>"; };
		D9295A812850D2E700947D84 /* Color.swift */ = {isa = PBXFileReference; lastKnownFileType = sourcecode.swift; path = Color.swift; sourceTree = "<group>"; };
		D9295A872851628700947D84 /* HomeView.swift */ = {isa = PBXFileReference; lastKnownFileType = sourcecode.swift; path = HomeView.swift; sourceTree = "<group>"; };
		D9295A8B285163A300947D84 /* CircleButtonView.swift */ = {isa = PBXFileReference; lastKnownFileType = sourcecode.swift; path = CircleButtonView.swift; sourceTree = "<group>"; };
		D9295A8D285167D700947D84 /* CircleButtonAnimationView.swift */ = {isa = PBXFileReference; lastKnownFileType = sourcecode.swift; path = CircleButtonAnimationView.swift; sourceTree = "<group>"; };
		D9295A9028520CC900947D84 /* CoinModel.swift */ = {isa = PBXFileReference; lastKnownFileType = sourcecode.swift; path = CoinModel.swift; sourceTree = "<group>"; };
		D9295A92285237D400947D84 /* CoinRowView.swift */ = {isa = PBXFileReference; lastKnownFileType = sourcecode.swift; path = CoinRowView.swift; sourceTree = "<group>"; };
		D9295A942852383400947D84 /* PreviewProvider.swift */ = {isa = PBXFileReference; lastKnownFileType = sourcecode.swift; path = PreviewProvider.swift; sourceTree = "<group>"; };
		D9295A9628523BC900947D84 /* Double.swift */ = {isa = PBXFileReference; lastKnownFileType = sourcecode.swift; path = Double.swift; sourceTree = "<group>"; };
		D93641D5285A9F3800A9E1C0 /* SearchBarView.swift */ = {isa = PBXFileReference; lastKnownFileType = sourcecode.swift; path = SearchBarView.swift; sourceTree = "<group>"; };
		D93641D7285AB1FC00A9E1C0 /* UIApplication.swift */ = {isa = PBXFileReference; lastKnownFileType = sourcecode.swift; path = UIApplication.swift; sourceTree = "<group>"; };
		D93641D9285C689500A9E1C0 /* StatisticModel.swift */ = {isa = PBXFileReference; lastKnownFileType = sourcecode.swift; path = StatisticModel.swift; sourceTree = "<group>"; };
		D93641DB285C69D300A9E1C0 /* StatisticView.swift */ = {isa = PBXFileReference; lastKnownFileType = sourcecode.swift; path = StatisticView.swift; sourceTree = "<group>"; };
		D93641DD285C6CFD00A9E1C0 /* HomeStatView.swift */ = {isa = PBXFileReference; lastKnownFileType = sourcecode.swift; path = HomeStatView.swift; sourceTree = "<group>"; };
		D93641DF285D552A00A9E1C0 /* MarketData.swift */ = {isa = PBXFileReference; lastKnownFileType = sourcecode.swift; path = MarketData.swift; sourceTree = "<group>"; };
		D93641E1285D58E100A9E1C0 /* MarketDataService.swift */ = {isa = PBXFileReference; lastKnownFileType = sourcecode.swift; path = MarketDataService.swift; sourceTree = "<group>"; };
		D93641E3285D686200A9E1C0 /* PortfolioView.swift */ = {isa = PBXFileReference; lastKnownFileType = sourcecode.swift; path = PortfolioView.swift; sourceTree = "<group>"; };
		D93641E5285D6A5E00A9E1C0 /* XMarkButton.swift */ = {isa = PBXFileReference; lastKnownFileType = sourcecode.swift; path = XMarkButton.swift; sourceTree = "<group>"; };
		D93641E7285D6BE900A9E1C0 /* CoinLogoView.swift */ = {isa = PBXFileReference; lastKnownFileType = sourcecode.swift; path = CoinLogoView.swift; sourceTree = "<group>"; };
		D93641EA285EAECE00A9E1C0 /* PortfolioContainer.xcdatamodel */ = {isa = PBXFileReference; lastKnownFileType = wrapper.xcdatamodel; path = PortfolioContainer.xcdatamodel; sourceTree = "<group>"; };
		D93641EC285EAFAC00A9E1C0 /* PortfolioDataService.swift */ = {isa = PBXFileReference; lastKnownFileType = sourcecode.swift; path = PortfolioDataService.swift; sourceTree = "<group>"; };
		D93641EE285ECCAE00A9E1C0 /* HapticManager.swift */ = {isa = PBXFileReference; lastKnownFileType = sourcecode.swift; path = HapticManager.swift; sourceTree = "<group>"; };
		D93641F328604B7A00A9E1C0 /* DetailView.swift */ = {isa = PBXFileReference; lastKnownFileType = sourcecode.swift; path = DetailView.swift; sourceTree = "<group>"; };
		D93641F52861363700A9E1C0 /* CoinDetail.swift */ = {isa = PBXFileReference; lastKnownFileType = sourcecode.swift; path = CoinDetail.swift; sourceTree = "<group>"; };
		D93641F7286138DE00A9E1C0 /* CoinDetailDataService.swift */ = {isa = PBXFileReference; lastKnownFileType = sourcecode.swift; path = CoinDetailDataService.swift; sourceTree = "<group>"; };
		D93641F928613A1300A9E1C0 /* DetailViewModel.swift */ = {isa = PBXFileReference; lastKnownFileType = sourcecode.swift; path = DetailViewModel.swift; sourceTree = "<group>"; };
		D9AA3E6328577C9900B71E72 /* HomeViewModel.swift */ = {isa = PBXFileReference; lastKnownFileType = sourcecode.swift; path = HomeViewModel.swift; sourceTree = "<group>"; };
		D9AA3E662858D72000B71E72 /* CoinDataService.swift */ = {isa = PBXFileReference; lastKnownFileType = sourcecode.swift; path = CoinDataService.swift; sourceTree = "<group>"; };
		D9AA3E692858E37000B71E72 /* NetworkManager.swift */ = {isa = PBXFileReference; lastKnownFileType = sourcecode.swift; path = NetworkManager.swift; sourceTree = "<group>"; };
		D9AA3E6C2859FE7700B71E72 /* CoinImageView.swift */ = {isa = PBXFileReference; lastKnownFileType = sourcecode.swift; path = CoinImageView.swift; sourceTree = "<group>"; };
		D9AA3E6E2859FFB000B71E72 /* CoinImageService.swift */ = {isa = PBXFileReference; lastKnownFileType = sourcecode.swift; path = CoinImageService.swift; sourceTree = "<group>"; };
		D9AA3E70285A010000B71E72 /* CoinImageViewModel.swift */ = {isa = PBXFileReference; lastKnownFileType = sourcecode.swift; path = CoinImageViewModel.swift; sourceTree = "<group>"; };
		D9AA3E72285A057D00B71E72 /* LocalFileManager.swift */ = {isa = PBXFileReference; lastKnownFileType = sourcecode.swift; path = LocalFileManager.swift; sourceTree = "<group>"; };
/* End PBXFileReference section */

/* Begin PBXFrameworksBuildPhase section */
		D9295A692850D06A00947D84 /* Frameworks */ = {
			isa = PBXFrameworksBuildPhase;
			buildActionMask = 2147483647;
			files = (
			);
			runOnlyForDeploymentPostprocessing = 0;
		};
/* End PBXFrameworksBuildPhase section */

/* Begin PBXGroup section */
		D9295A632850D06A00947D84 = {
			isa = PBXGroup;
			children = (
				D9295A6E2850D06A00947D84 /* YeppiCrypto */,
				D9295A6D2850D06A00947D84 /* Products */,
			);
			sourceTree = "<group>";
		};
		D9295A6D2850D06A00947D84 /* Products */ = {
			isa = PBXGroup;
			children = (
				D9295A6C2850D06A00947D84 /* YeppiCrypto.app */,
			);
			name = Products;
			sourceTree = "<group>";
		};
		D9295A6E2850D06A00947D84 /* YeppiCrypto */ = {
			isa = PBXGroup;
			children = (
				D9AA3E682858E35F00B71E72 /* Utilities */,
				D9295A802850D2D300947D84 /* Extensions */,
				D9AA3E652858D6C900B71E72 /* Services */,
				D9295A8F28520CB000947D84 /* Models */,
				D9295A832851625400947D84 /* Core */,
				D9295A7D2850D0A700947D84 /* Info.plist */,
				D9295A6F2850D06A00947D84 /* YeppiCryptoApp.swift */,
				D9295A712850D06A00947D84 /* ContentView.swift */,
				D9295A732850D06C00947D84 /* Assets.xcassets */,
				D9295A752850D06C00947D84 /* Preview Content */,
			);
			path = YeppiCrypto;
			sourceTree = "<group>";
		};
		D9295A752850D06C00947D84 /* Preview Content */ = {
			isa = PBXGroup;
			children = (
				D9295A762850D06C00947D84 /* Preview Assets.xcassets */,
			);
			path = "Preview Content";
			sourceTree = "<group>";
		};
		D9295A802850D2D300947D84 /* Extensions */ = {
			isa = PBXGroup;
			children = (
				D9295A812850D2E700947D84 /* Color.swift */,
				D9295A942852383400947D84 /* PreviewProvider.swift */,
				D9295A9628523BC900947D84 /* Double.swift */,
				D93641D7285AB1FC00A9E1C0 /* UIApplication.swift */,
			);
			path = Extensions;
			sourceTree = "<group>";
		};
		D9295A832851625400947D84 /* Core */ = {
			isa = PBXGroup;
			children = (
				D9295A892851638400947D84 /* Components */,
				D9295A842851626300947D84 /* Home */,
				D93641F028604B5400A9E1C0 /* Detail */,
			);
			path = Core;
			sourceTree = "<group>";
		};
		D9295A842851626300947D84 /* Home */ = {
			isa = PBXGroup;
			children = (
				D9295A862851627400947D84 /* ViewModels */,
				D9295A852851626F00947D84 /* Views */,
			);
			path = Home;
			sourceTree = "<group>";
		};
		D9295A852851626F00947D84 /* Views */ = {
			isa = PBXGroup;
			children = (
				D9295A872851628700947D84 /* HomeView.swift */,
				D9295A92285237D400947D84 /* CoinRowView.swift */,
				D93641DD285C6CFD00A9E1C0 /* HomeStatView.swift */,
				D93641E3285D686200A9E1C0 /* PortfolioView.swift */,
			);
			path = Views;
			sourceTree = "<group>";
		};
		D9295A862851627400947D84 /* ViewModels */ = {
			isa = PBXGroup;
			children = (
				D9AA3E6328577C9900B71E72 /* HomeViewModel.swift */,
			);
			path = ViewModels;
			sourceTree = "<group>";
		};
		D9295A892851638400947D84 /* Components */ = {
			isa = PBXGroup;
			children = (
				D9AA3E6B2859FE6700B71E72 /* CoinImage */,
				D9295A8A2851639400947D84 /* CircleButton */,
				D93641D5285A9F3800A9E1C0 /* SearchBarView.swift */,
				D93641DB285C69D300A9E1C0 /* StatisticView.swift */,
				D93641E5285D6A5E00A9E1C0 /* XMarkButton.swift */,
			);
			path = Components;
			sourceTree = "<group>";
		};
		D9295A8A2851639400947D84 /* CircleButton */ = {
			isa = PBXGroup;
			children = (
				D9295A8B285163A300947D84 /* CircleButtonView.swift */,
				D9295A8D285167D700947D84 /* CircleButtonAnimationView.swift */,
			);
			path = CircleButton;
			sourceTree = "<group>";
		};
		D9295A8F28520CB000947D84 /* Models */ = {
			isa = PBXGroup;
			children = (
				D9295A9028520CC900947D84 /* CoinModel.swift */,
				D93641D9285C689500A9E1C0 /* StatisticModel.swift */,
				D93641DF285D552A00A9E1C0 /* MarketData.swift */,
				D93641E9285EAECE00A9E1C0 /* PortfolioContainer.xcdatamodeld */,
				D93641F52861363700A9E1C0 /* CoinDetail.swift */,
			);
			path = Models;
			sourceTree = "<group>";
		};
		D93641F028604B5400A9E1C0 /* Detail */ = {
			isa = PBXGroup;
			children = (
				D93641F228604B6600A9E1C0 /* Views */,
				D93641F128604B5E00A9E1C0 /* ViewModels */,
			);
			path = Detail;
			sourceTree = "<group>";
		};
		D93641F128604B5E00A9E1C0 /* ViewModels */ = {
			isa = PBXGroup;
			children = (
				D93641F928613A1300A9E1C0 /* DetailViewModel.swift */,
			);
			path = ViewModels;
			sourceTree = "<group>";
		};
		D93641F228604B6600A9E1C0 /* Views */ = {
			isa = PBXGroup;
			children = (
				D93641F328604B7A00A9E1C0 /* DetailView.swift */,
			);
			path = Views;
			sourceTree = "<group>";
		};
		D9AA3E652858D6C900B71E72 /* Services */ = {
			isa = PBXGroup;
			children = (
				D9AA3E662858D72000B71E72 /* CoinDataService.swift */,
				D9AA3E6E2859FFB000B71E72 /* CoinImageService.swift */,
				D93641E1285D58E100A9E1C0 /* MarketDataService.swift */,
				D93641EC285EAFAC00A9E1C0 /* PortfolioDataService.swift */,
				D93641F7286138DE00A9E1C0 /* CoinDetailDataService.swift */,
			);
			path = Services;
			sourceTree = "<group>";
		};
		D9AA3E682858E35F00B71E72 /* Utilities */ = {
			isa = PBXGroup;
			children = (
				D9AA3E692858E37000B71E72 /* NetworkManager.swift */,
				D9AA3E72285A057D00B71E72 /* LocalFileManager.swift */,
				D93641EE285ECCAE00A9E1C0 /* HapticManager.swift */,
			);
			path = Utilities;
			sourceTree = "<group>";
		};
		D9AA3E6B2859FE6700B71E72 /* CoinImage */ = {
			isa = PBXGroup;
			children = (
				D9AA3E6C2859FE7700B71E72 /* CoinImageView.swift */,
				D9AA3E70285A010000B71E72 /* CoinImageViewModel.swift */,
				D93641E7285D6BE900A9E1C0 /* CoinLogoView.swift */,
			);
			path = CoinImage;
			sourceTree = "<group>";
		};
/* End PBXGroup section */

/* Begin PBXNativeTarget section */
		D9295A6B2850D06A00947D84 /* YeppiCrypto */ = {
			isa = PBXNativeTarget;
			buildConfigurationList = D9295A7A2850D06C00947D84 /* Build configuration list for PBXNativeTarget "YeppiCrypto" */;
			buildPhases = (
				D9295A682850D06A00947D84 /* Sources */,
				D9295A692850D06A00947D84 /* Frameworks */,
				D9295A6A2850D06A00947D84 /* Resources */,
			);
			buildRules = (
			);
			dependencies = (
			);
			name = YeppiCrypto;
			productName = YeppiCrypto;
			productReference = D9295A6C2850D06A00947D84 /* YeppiCrypto.app */;
			productType = "com.apple.product-type.application";
		};
/* End PBXNativeTarget section */

/* Begin PBXProject section */
		D9295A642850D06A00947D84 /* Project object */ = {
			isa = PBXProject;
			attributes = {
				BuildIndependentTargetsInParallel = 1;
				LastSwiftUpdateCheck = 1340;
				LastUpgradeCheck = 1340;
				TargetAttributes = {
					D9295A6B2850D06A00947D84 = {
						CreatedOnToolsVersion = 13.4.1;
					};
				};
			};
			buildConfigurationList = D9295A672850D06A00947D84 /* Build configuration list for PBXProject "YeppiCrypto" */;
			compatibilityVersion = "Xcode 13.0";
			developmentRegion = en;
			hasScannedForEncodings = 0;
			knownRegions = (
				en,
				Base,
			);
			mainGroup = D9295A632850D06A00947D84;
			productRefGroup = D9295A6D2850D06A00947D84 /* Products */;
			projectDirPath = "";
			projectRoot = "";
			targets = (
				D9295A6B2850D06A00947D84 /* YeppiCrypto */,
			);
		};
/* End PBXProject section */

/* Begin PBXResourcesBuildPhase section */
		D9295A6A2850D06A00947D84 /* Resources */ = {
			isa = PBXResourcesBuildPhase;
			buildActionMask = 2147483647;
			files = (
				D9295A772850D06C00947D84 /* Preview Assets.xcassets in Resources */,
				D9295A742850D06C00947D84 /* Assets.xcassets in Resources */,
			);
			runOnlyForDeploymentPostprocessing = 0;
		};
/* End PBXResourcesBuildPhase section */

/* Begin PBXSourcesBuildPhase section */
		D9295A682850D06A00947D84 /* Sources */ = {
			isa = PBXSourcesBuildPhase;
			buildActionMask = 2147483647;
			files = (
				D93641EB285EAECE00A9E1C0 /* PortfolioContainer.xcdatamodeld in Sources */,
				D93641DA285C689500A9E1C0 /* StatisticModel.swift in Sources */,
				D9AA3E672858D72000B71E72 /* CoinDataService.swift in Sources */,
				D9295A93285237D400947D84 /* CoinRowView.swift in Sources */,
				D93641E6285D6A5E00A9E1C0 /* XMarkButton.swift in Sources */,
				D93641E0285D552A00A9E1C0 /* MarketData.swift in Sources */,
				D9AA3E6428577C9900B71E72 /* HomeViewModel.swift in Sources */,
				D93641F62861363700A9E1C0 /* CoinDetail.swift in Sources */,
				D9AA3E6A2858E37000B71E72 /* NetworkManager.swift in Sources */,
				D9AA3E73285A057D00B71E72 /* LocalFileManager.swift in Sources */,
				D9295A722850D06A00947D84 /* ContentView.swift in Sources */,
				D93641DC285C69D300A9E1C0 /* StatisticView.swift in Sources */,
				D9AA3E6D2859FE7700B71E72 /* CoinImageView.swift in Sources */,
				D9295A882851628700947D84 /* HomeView.swift in Sources */,
				D93641D8285AB1FC00A9E1C0 /* UIApplication.swift in Sources */,
				D9295A702850D06A00947D84 /* YeppiCryptoApp.swift in Sources */,
				D9295A8C285163A300947D84 /* CircleButtonView.swift in Sources */,
				D93641FA28613A1300A9E1C0 /* DetailViewModel.swift in Sources */,
				D93641F428604B7A00A9E1C0 /* DetailView.swift in Sources */,
				D93641EF285ECCAE00A9E1C0 /* HapticManager.swift in Sources */,
				D93641DE285C6CFD00A9E1C0 /* HomeStatView.swift in Sources */,
				D93641D6285A9F3800A9E1C0 /* SearchBarView.swift in Sources */,
				D93641E8285D6BE900A9E1C0 /* CoinLogoView.swift in Sources */,
				D9295A822850D2E700947D84 /* Color.swift in Sources */,
				D93641E2285D58E100A9E1C0 /* MarketDataService.swift in Sources */,
				D9295A8E285167D700947D84 /* CircleButtonAnimationView.swift in Sources */,
				D9AA3E71285A010000B71E72 /* CoinImageViewModel.swift in Sources */,
				D9295A952852383400947D84 /* PreviewProvider.swift in Sources */,
				D93641E4285D686200A9E1C0 /* PortfolioView.swift in Sources */,
				D9295A9728523BC900947D84 /* Double.swift in Sources */,
				D93641F8286138DE00A9E1C0 /* CoinDetailDataService.swift in Sources */,
				D9AA3E6F2859FFB000B71E72 /* CoinImageService.swift in Sources */,
				D9295A9128520CC900947D84 /* CoinModel.swift in Sources */,
				D93641ED285EAFAC00A9E1C0 /* PortfolioDataService.swift in Sources */,
			);
			runOnlyForDeploymentPostprocessing = 0;
		};
/* End PBXSourcesBuildPhase section */

/* Begin XCBuildConfiguration section */
		D9295A782850D06C00947D84 /* Debug */ = {
			isa = XCBuildConfiguration;
			buildSettings = {
				ALWAYS_SEARCH_USER_PATHS = NO;
				CLANG_ANALYZER_NONNULL = YES;
				CLANG_ANALYZER_NUMBER_OBJECT_CONVERSION = YES_AGGRESSIVE;
				CLANG_CXX_LANGUAGE_STANDARD = "gnu++17";
				CLANG_ENABLE_MODULES = YES;
				CLANG_ENABLE_OBJC_ARC = YES;
				CLANG_ENABLE_OBJC_WEAK = YES;
				CLANG_WARN_BLOCK_CAPTURE_AUTORELEASING = YES;
				CLANG_WARN_BOOL_CONVERSION = YES;
				CLANG_WARN_COMMA = YES;
				CLANG_WARN_CONSTANT_CONVERSION = YES;
				CLANG_WARN_DEPRECATED_OBJC_IMPLEMENTATIONS = YES;
				CLANG_WARN_DIRECT_OBJC_ISA_USAGE = YES_ERROR;
				CLANG_WARN_DOCUMENTATION_COMMENTS = YES;
				CLANG_WARN_EMPTY_BODY = YES;
				CLANG_WARN_ENUM_CONVERSION = YES;
				CLANG_WARN_INFINITE_RECURSION = YES;
				CLANG_WARN_INT_CONVERSION = YES;
				CLANG_WARN_NON_LITERAL_NULL_CONVERSION = YES;
				CLANG_WARN_OBJC_IMPLICIT_RETAIN_SELF = YES;
				CLANG_WARN_OBJC_LITERAL_CONVERSION = YES;
				CLANG_WARN_OBJC_ROOT_CLASS = YES_ERROR;
				CLANG_WARN_QUOTED_INCLUDE_IN_FRAMEWORK_HEADER = YES;
				CLANG_WARN_RANGE_LOOP_ANALYSIS = YES;
				CLANG_WARN_STRICT_PROTOTYPES = YES;
				CLANG_WARN_SUSPICIOUS_MOVE = YES;
				CLANG_WARN_UNGUARDED_AVAILABILITY = YES_AGGRESSIVE;
				CLANG_WARN_UNREACHABLE_CODE = YES;
				CLANG_WARN__DUPLICATE_METHOD_MATCH = YES;
				COPY_PHASE_STRIP = NO;
				DEBUG_INFORMATION_FORMAT = dwarf;
				ENABLE_STRICT_OBJC_MSGSEND = YES;
				ENABLE_TESTABILITY = YES;
				GCC_C_LANGUAGE_STANDARD = gnu11;
				GCC_DYNAMIC_NO_PIC = NO;
				GCC_NO_COMMON_BLOCKS = YES;
				GCC_OPTIMIZATION_LEVEL = 0;
				GCC_PREPROCESSOR_DEFINITIONS = (
					"DEBUG=1",
					"$(inherited)",
				);
				GCC_WARN_64_TO_32_BIT_CONVERSION = YES;
				GCC_WARN_ABOUT_RETURN_TYPE = YES_ERROR;
				GCC_WARN_UNDECLARED_SELECTOR = YES;
				GCC_WARN_UNINITIALIZED_AUTOS = YES_AGGRESSIVE;
				GCC_WARN_UNUSED_FUNCTION = YES;
				GCC_WARN_UNUSED_VARIABLE = YES;
				IPHONEOS_DEPLOYMENT_TARGET = 15.5;
				MTL_ENABLE_DEBUG_INFO = INCLUDE_SOURCE;
				MTL_FAST_MATH = YES;
				ONLY_ACTIVE_ARCH = YES;
				SDKROOT = iphoneos;
				SWIFT_ACTIVE_COMPILATION_CONDITIONS = DEBUG;
				SWIFT_OPTIMIZATION_LEVEL = "-Onone";
			};
			name = Debug;
		};
		D9295A792850D06C00947D84 /* Release */ = {
			isa = XCBuildConfiguration;
			buildSettings = {
				ALWAYS_SEARCH_USER_PATHS = NO;
				CLANG_ANALYZER_NONNULL = YES;
				CLANG_ANALYZER_NUMBER_OBJECT_CONVERSION = YES_AGGRESSIVE;
				CLANG_CXX_LANGUAGE_STANDARD = "gnu++17";
				CLANG_ENABLE_MODULES = YES;
				CLANG_ENABLE_OBJC_ARC = YES;
				CLANG_ENABLE_OBJC_WEAK = YES;
				CLANG_WARN_BLOCK_CAPTURE_AUTORELEASING = YES;
				CLANG_WARN_BOOL_CONVERSION = YES;
				CLANG_WARN_COMMA = YES;
				CLANG_WARN_CONSTANT_CONVERSION = YES;
				CLANG_WARN_DEPRECATED_OBJC_IMPLEMENTATIONS = YES;
				CLANG_WARN_DIRECT_OBJC_ISA_USAGE = YES_ERROR;
				CLANG_WARN_DOCUMENTATION_COMMENTS = YES;
				CLANG_WARN_EMPTY_BODY = YES;
				CLANG_WARN_ENUM_CONVERSION = YES;
				CLANG_WARN_INFINITE_RECURSION = YES;
				CLANG_WARN_INT_CONVERSION = YES;
				CLANG_WARN_NON_LITERAL_NULL_CONVERSION = YES;
				CLANG_WARN_OBJC_IMPLICIT_RETAIN_SELF = YES;
				CLANG_WARN_OBJC_LITERAL_CONVERSION = YES;
				CLANG_WARN_OBJC_ROOT_CLASS = YES_ERROR;
				CLANG_WARN_QUOTED_INCLUDE_IN_FRAMEWORK_HEADER = YES;
				CLANG_WARN_RANGE_LOOP_ANALYSIS = YES;
				CLANG_WARN_STRICT_PROTOTYPES = YES;
				CLANG_WARN_SUSPICIOUS_MOVE = YES;
				CLANG_WARN_UNGUARDED_AVAILABILITY = YES_AGGRESSIVE;
				CLANG_WARN_UNREACHABLE_CODE = YES;
				CLANG_WARN__DUPLICATE_METHOD_MATCH = YES;
				COPY_PHASE_STRIP = NO;
				DEBUG_INFORMATION_FORMAT = "dwarf-with-dsym";
				ENABLE_NS_ASSERTIONS = NO;
				ENABLE_STRICT_OBJC_MSGSEND = YES;
				GCC_C_LANGUAGE_STANDARD = gnu11;
				GCC_NO_COMMON_BLOCKS = YES;
				GCC_WARN_64_TO_32_BIT_CONVERSION = YES;
				GCC_WARN_ABOUT_RETURN_TYPE = YES_ERROR;
				GCC_WARN_UNDECLARED_SELECTOR = YES;
				GCC_WARN_UNINITIALIZED_AUTOS = YES_AGGRESSIVE;
				GCC_WARN_UNUSED_FUNCTION = YES;
				GCC_WARN_UNUSED_VARIABLE = YES;
				IPHONEOS_DEPLOYMENT_TARGET = 15.5;
				MTL_ENABLE_DEBUG_INFO = NO;
				MTL_FAST_MATH = YES;
				SDKROOT = iphoneos;
				SWIFT_COMPILATION_MODE = wholemodule;
				SWIFT_OPTIMIZATION_LEVEL = "-O";
				VALIDATE_PRODUCT = YES;
			};
			name = Release;
		};
		D9295A7B2850D06C00947D84 /* Debug */ = {
			isa = XCBuildConfiguration;
			buildSettings = {
				ASSETCATALOG_COMPILER_APPICON_NAME = AppIcon;
				ASSETCATALOG_COMPILER_GLOBAL_ACCENT_COLOR_NAME = AccentColor;
				CODE_SIGN_STYLE = Automatic;
				CURRENT_PROJECT_VERSION = 1;
				DEVELOPMENT_ASSET_PATHS = "\"YeppiCrypto/Preview Content\"";
				DEVELOPMENT_TEAM = R2A4X95M7N;
				ENABLE_PREVIEWS = YES;
				GENERATE_INFOPLIST_FILE = YES;
				INFOPLIST_FILE = YeppiCrypto/Info.plist;
				INFOPLIST_KEY_CFBundleDisplayName = "Crypto Tracker";
				INFOPLIST_KEY_UIApplicationSceneManifest_Generation = YES;
				INFOPLIST_KEY_UIApplicationSupportsIndirectInputEvents = YES;
				INFOPLIST_KEY_UILaunchScreen_Generation = YES;
				INFOPLIST_KEY_UISupportedInterfaceOrientations = UIInterfaceOrientationPortrait;
				INFOPLIST_KEY_UISupportedInterfaceOrientations_iPad = "UIInterfaceOrientationPortrait UIInterfaceOrientationPortraitUpsideDown UIInterfaceOrientationLandscapeLeft UIInterfaceOrientationLandscapeRight";
				INFOPLIST_KEY_UISupportedInterfaceOrientations_iPhone = "UIInterfaceOrientationPortrait UIInterfaceOrientationLandscapeLeft UIInterfaceOrientationLandscapeRight";
				LD_RUNPATH_SEARCH_PATHS = (
					"$(inherited)",
					"@executable_path/Frameworks",
				);
				MARKETING_VERSION = 1.0;
				PRODUCT_BUNDLE_IDENTIFIER = jisu.project.YeppiCrypto;
				PRODUCT_NAME = "$(TARGET_NAME)";
				SWIFT_EMIT_LOC_STRINGS = YES;
				SWIFT_VERSION = 5.0;
				TARGETED_DEVICE_FAMILY = "1,2";
			};
			name = Debug;
		};
		D9295A7C2850D06C00947D84 /* Release */ = {
			isa = XCBuildConfiguration;
			buildSettings = {
				ASSETCATALOG_COMPILER_APPICON_NAME = AppIcon;
				ASSETCATALOG_COMPILER_GLOBAL_ACCENT_COLOR_NAME = AccentColor;
				CODE_SIGN_STYLE = Automatic;
				CURRENT_PROJECT_VERSION = 1;
				DEVELOPMENT_ASSET_PATHS = "\"YeppiCrypto/Preview Content\"";
				DEVELOPMENT_TEAM = R2A4X95M7N;
				ENABLE_PREVIEWS = YES;
				GENERATE_INFOPLIST_FILE = YES;
				INFOPLIST_FILE = YeppiCrypto/Info.plist;
				INFOPLIST_KEY_CFBundleDisplayName = "Crypto Tracker";
				INFOPLIST_KEY_UIApplicationSceneManifest_Generation = YES;
				INFOPLIST_KEY_UIApplicationSupportsIndirectInputEvents = YES;
				INFOPLIST_KEY_UILaunchScreen_Generation = YES;
				INFOPLIST_KEY_UISupportedInterfaceOrientations = UIInterfaceOrientationPortrait;
				INFOPLIST_KEY_UISupportedInterfaceOrientations_iPad = "UIInterfaceOrientationPortrait UIInterfaceOrientationPortraitUpsideDown UIInterfaceOrientationLandscapeLeft UIInterfaceOrientationLandscapeRight";
				INFOPLIST_KEY_UISupportedInterfaceOrientations_iPhone = "UIInterfaceOrientationPortrait UIInterfaceOrientationLandscapeLeft UIInterfaceOrientationLandscapeRight";
				LD_RUNPATH_SEARCH_PATHS = (
					"$(inherited)",
					"@executable_path/Frameworks",
				);
				MARKETING_VERSION = 1.0;
				PRODUCT_BUNDLE_IDENTIFIER = jisu.project.YeppiCrypto;
				PRODUCT_NAME = "$(TARGET_NAME)";
				SWIFT_EMIT_LOC_STRINGS = YES;
				SWIFT_VERSION = 5.0;
				TARGETED_DEVICE_FAMILY = "1,2";
			};
			name = Release;
		};
/* End XCBuildConfiguration section */

/* Begin XCConfigurationList section */
		D9295A672850D06A00947D84 /* Build configuration list for PBXProject "YeppiCrypto" */ = {
			isa = XCConfigurationList;
			buildConfigurations = (
				D9295A782850D06C00947D84 /* Debug */,
				D9295A792850D06C00947D84 /* Release */,
			);
			defaultConfigurationIsVisible = 0;
			defaultConfigurationName = Release;
		};
		D9295A7A2850D06C00947D84 /* Build configuration list for PBXNativeTarget "YeppiCrypto" */ = {
			isa = XCConfigurationList;
			buildConfigurations = (
				D9295A7B2850D06C00947D84 /* Debug */,
				D9295A7C2850D06C00947D84 /* Release */,
			);
			defaultConfigurationIsVisible = 0;
			defaultConfigurationName = Release;
		};
/* End XCConfigurationList section */

/* Begin XCVersionGroup section */
		D93641E9285EAECE00A9E1C0 /* PortfolioContainer.xcdatamodeld */ = {
			isa = XCVersionGroup;
			children = (
				D93641EA285EAECE00A9E1C0 /* PortfolioContainer.xcdatamodel */,
			);
			currentVersion = D93641EA285EAECE00A9E1C0 /* PortfolioContainer.xcdatamodel */;
			path = PortfolioContainer.xcdatamodeld;
			sourceTree = "<group>";
			versionGroupType = wrapper.xcdatamodel;
		};
/* End XCVersionGroup section */
	};
	rootObject = D9295A642850D06A00947D84 /* Project object */;
}
